
Microsoft Visual Studio Solution File, Format Version 12.00
# Visual Studio Version 16
VisualStudioVersion = 16.0.29009.5
MinimumVisualStudioVersion = 10.0.40219.1
Project("{FAE04EC0-301F-11D3-BF4B-00C04F79EFBC}") = "Easy.HotKeys", "Easy.HotKeys\Easy.HotKeys.csproj", "{B3C24FB7-5404-4392-AF37-90BE41F44EEF}"
EndProject
Project("{FAE04EC0-301F-11D3-BF4B-00C04F79EFBC}") = "Demo", "Demo\Demo.csproj", "{4D3BE55B-6798-4AE8-8132-6061E404A044}"
EndProject
Global
	GlobalSection(SolutionConfigurationPlatforms) = preSolution
		Debug|Any CPU = Debug|Any CPU
		Release|Any CPU = Release|Any CPU
	EndGlobalSection
	GlobalSection(ProjectConfigurationPlatforms) = postSolution
		{B3C24FB7-5404-4392-AF37-90BE41F44EEF}.Debug|Any CPU.ActiveCfg = Debug|Any CPU
		{B3C24FB7-5404-4392-AF37-90BE41F44EEF}.Debug|Any CPU.Build.0 = Debug|Any CPU
		{B3C24FB7-5404-4392-AF37-90BE41F44EEF}.Release|Any CPU.ActiveCfg = Release|Any CPU
		{B3C24FB7-5404-4392-AF37-90BE41F44EEF}.Release|Any CPU.Build.0 = Release|Any CPU
		{4D3BE55B-6798-4AE8-8132-6061E404A044}.Debug|Any CPU.ActiveCfg = Debug|Any CPU
		{4D3BE55B-6798-4AE8-8132-6061E404A044}.Debug|Any CPU.Build.0 = Debug|Any CPU
		{4D3BE55B-6798-4AE8-8132-6061E404A044}.Release|Any CPU.ActiveCfg = Release|Any CPU
		{4D3BE55B-6798-4AE8-8132-6061E404A044}.Release|Any CPU.Build.0 = Release|Any CPU
	EndGlobalSection
	GlobalSection(SolutionProperties) = preSolution
		HideSolutionNode = FALSE
	EndGlobalSection
	GlobalSection(ExtensibilityGlobals) = postSolution
		SolutionGuid = {0A3F59D9-D9A6-41D9-9E3E-611941946F15}
	EndGlobalSection
EndGlobal
